// !$*UTF8*$!
{
	archiveVersion = 1;
	classes = {
	};
	objectVersion = 46;
	objects = {

/* Begin PBXBuildFile section */
		369981D718A5556700069F6D /* DataStorage.m in Sources */ = {isa = PBXBuildFile; fileRef = 369981D618A5556700069F6D /* DataStorage.m */; };
		369981E718A5B2EA00069F6D /* Icon.m in Sources */ = {isa = PBXBuildFile; fileRef = 369981E618A5B2EA00069F6D /* Icon.m */; };
		369981EA18A5B2EB00069F6D /* Place.m in Sources */ = {isa = PBXBuildFile; fileRef = 369981E918A5B2EB00069F6D /* Place.m */; };
		369981ED18A6157000069F6D /* PlaceCell.m in Sources */ = {isa = PBXBuildFile; fileRef = 369981EC18A6157000069F6D /* PlaceCell.m */; };
		36E195ED18A5156800190E84 /* Foundation.framework in Frameworks */ = {isa = PBXBuildFile; fileRef = 36E195EC18A5156800190E84 /* Foundation.framework */; };
		36E195EF18A5156800190E84 /* CoreGraphics.framework in Frameworks */ = {isa = PBXBuildFile; fileRef = 36E195EE18A5156800190E84 /* CoreGraphics.framework */; };
		36E195F118A5156800190E84 /* UIKit.framework in Frameworks */ = {isa = PBXBuildFile; fileRef = 36E195F018A5156800190E84 /* UIKit.framework */; };
		36E195F318A5156800190E84 /* CoreData.framework in Frameworks */ = {isa = PBXBuildFile; fileRef = 36E195F218A5156800190E84 /* CoreData.framework */; };
		36E195F918A5156800190E84 /* InfoPlist.strings in Resources */ = {isa = PBXBuildFile; fileRef = 36E195F718A5156800190E84 /* InfoPlist.strings */; };
		36E195FB18A5156800190E84 /* main.m in Sources */ = {isa = PBXBuildFile; fileRef = 36E195FA18A5156800190E84 /* main.m */; };
		36E195FF18A5156800190E84 /* AppDelegate.m in Sources */ = {isa = PBXBuildFile; fileRef = 36E195FE18A5156800190E84 /* AppDelegate.m */; };
		36E1960218A5156800190E84 /* Main.storyboard in Resources */ = {isa = PBXBuildFile; fileRef = 36E1960018A5156800190E84 /* Main.storyboard */; };
		36E1960518A5156800190E84 /* mobileloc.xcdatamodeld in Sources */ = {isa = PBXBuildFile; fileRef = 36E1960318A5156800190E84 /* mobileloc.xcdatamodeld */; };
		36E1960D18A5156800190E84 /* Images.xcassets in Resources */ = {isa = PBXBuildFile; fileRef = 36E1960C18A5156800190E84 /* Images.xcassets */; };
		36E1961418A5156800190E84 /* XCTest.framework in Frameworks */ = {isa = PBXBuildFile; fileRef = 36E1961318A5156800190E84 /* XCTest.framework */; };
		36E1961518A5156800190E84 /* Foundation.framework in Frameworks */ = {isa = PBXBuildFile; fileRef = 36E195EC18A5156800190E84 /* Foundation.framework */; };
		36E1961618A5156800190E84 /* UIKit.framework in Frameworks */ = {isa = PBXBuildFile; fileRef = 36E195F018A5156800190E84 /* UIKit.framework */; };
		36E1961718A5156800190E84 /* CoreData.framework in Frameworks */ = {isa = PBXBuildFile; fileRef = 36E195F218A5156800190E84 /* CoreData.framework */; };
		36E1961F18A5156900190E84 /* InfoPlist.strings in Resources */ = {isa = PBXBuildFile; fileRef = 36E1961D18A5156900190E84 /* InfoPlist.strings */; };
		36E1962118A5156900190E84 /* mobilelocTests.m in Sources */ = {isa = PBXBuildFile; fileRef = 36E1962018A5156900190E84 /* mobilelocTests.m */; };
		36F4763818A53B6F007B9C1E /* CoreLocation.framework in Frameworks */ = {isa = PBXBuildFile; fileRef = 36F4763718A53B6F007B9C1E /* CoreLocation.framework */; };
		36F4763B18A5481B007B9C1E /* LocationManager.m in Sources */ = {isa = PBXBuildFile; fileRef = 36F4763A18A5481B007B9C1E /* LocationManager.m */; };
		36FBBF5318A5259500462208 /* SettingsViewController.m in Sources */ = {isa = PBXBuildFile; fileRef = 36FBBF5218A5259500462208 /* SettingsViewController.m */; };
		36FBBF5518A525BD00462208 /* MainViewController.m in Sources */ = {isa = PBXBuildFile; fileRef = 36FBBF5418A525BD00462208 /* MainViewController.m */; };
		36FBBF5918A5278400462208 /* DataManager.m in Sources */ = {isa = PBXBuildFile; fileRef = 36FBBF5818A5278400462208 /* DataManager.m */; };
		36FBBF5F18A5299300462208 /* PlaceFetcher.m in Sources */ = {isa = PBXBuildFile; fileRef = 36FBBF5E18A5299300462208 /* PlaceFetcher.m */; };
		36FBBF6218A52AB600462208 /* GooglePlaces.m in Sources */ = {isa = PBXBuildFile; fileRef = 36FBBF6118A52AB600462208 /* GooglePlaces.m */; };
		E219F79FF7F94B40AF474AE7 /* libPods.a in Frameworks */ = {isa = PBXBuildFile; fileRef = 03B74C7E999846DA8F71F6C9 /* libPods.a */; };
/* End PBXBuildFile section */

/* Begin PBXContainerItemProxy section */
		36E1961818A5156900190E84 /* PBXContainerItemProxy */ = {
			isa = PBXContainerItemProxy;
			containerPortal = 36E195E118A5156800190E84 /* Project object */;
			proxyType = 1;
			remoteGlobalIDString = 36E195E818A5156800190E84;
			remoteInfo = mobileloc;
		};
/* End PBXContainerItemProxy section */

/* Begin PBXFileReference section */
		03B74C7E999846DA8F71F6C9 /* libPods.a */ = {isa = PBXFileReference; explicitFileType = archive.ar; includeInIndex = 0; path = libPods.a; sourceTree = BUILT_PRODUCTS_DIR; };
		369981D518A5556700069F6D /* DataStorage.h */ = {isa = PBXFileReference; fileEncoding = 4; lastKnownFileType = sourcecode.c.h; name = DataStorage.h; path = "Data Management/DataStorage.h"; sourceTree = "<group>"; };
		369981D618A5556700069F6D /* DataStorage.m */ = {isa = PBXFileReference; fileEncoding = 4; lastKnownFileType = sourcecode.c.objc; name = DataStorage.m; path = "Data Management/DataStorage.m"; sourceTree = "<group>"; };
		369981E518A5B2EA00069F6D /* Icon.h */ = {isa = PBXFileReference; fileEncoding = 4; lastKnownFileType = sourcecode.c.h; name = Icon.h; path = "Data Management/Core Data/Icon.h"; sourceTree = "<group>"; };
		369981E618A5B2EA00069F6D /* Icon.m */ = {isa = PBXFileReference; fileEncoding = 4; lastKnownFileType = sourcecode.c.objc; name = Icon.m; path = "Data Management/Core Data/Icon.m"; sourceTree = "<group>"; };
		369981E818A5B2EB00069F6D /* Place.h */ = {isa = PBXFileReference; fileEncoding = 4; lastKnownFileType = sourcecode.c.h; name = Place.h; path = "Data Management/Core Data/Place.h"; sourceTree = "<group>"; };
		369981E918A5B2EB00069F6D /* Place.m */ = {isa = PBXFileReference; fileEncoding = 4; lastKnownFileType = sourcecode.c.objc; name = Place.m; path = "Data Management/Core Data/Place.m"; sourceTree = "<group>"; };
		369981EB18A6157000069F6D /* PlaceCell.h */ = {isa = PBXFileReference; fileEncoding = 4; lastKnownFileType = sourcecode.c.h; name = PlaceCell.h; path = "Table Cells/PlaceCell.h"; sourceTree = "<group>"; };
		369981EC18A6157000069F6D /* PlaceCell.m */ = {isa = PBXFileReference; fileEncoding = 4; lastKnownFileType = sourcecode.c.objc; name = PlaceCell.m; path = "Table Cells/PlaceCell.m"; sourceTree = "<group>"; };
		36E195E918A5156800190E84 /* mobileloc.app */ = {isa = PBXFileReference; explicitFileType = wrapper.application; includeInIndex = 0; path = mobileloc.app; sourceTree = BUILT_PRODUCTS_DIR; };
		36E195EC18A5156800190E84 /* Foundation.framework */ = {isa = PBXFileReference; lastKnownFileType = wrapper.framework; name = Foundation.framework; path = System/Library/Frameworks/Foundation.framework; sourceTree = SDKROOT; };
		36E195EE18A5156800190E84 /* CoreGraphics.framework */ = {isa = PBXFileReference; lastKnownFileType = wrapper.framework; name = CoreGraphics.framework; path = System/Library/Frameworks/CoreGraphics.framework; sourceTree = SDKROOT; };
		36E195F018A5156800190E84 /* UIKit.framework */ = {isa = PBXFileReference; lastKnownFileType = wrapper.framework; name = UIKit.framework; path = System/Library/Frameworks/UIKit.framework; sourceTree = SDKROOT; };
		36E195F218A5156800190E84 /* CoreData.framework */ = {isa = PBXFileReference; lastKnownFileType = wrapper.framework; name = CoreData.framework; path = System/Library/Frameworks/CoreData.framework; sourceTree = SDKROOT; };
		36E195F618A5156800190E84 /* mobileloc-Info.plist */ = {isa = PBXFileReference; lastKnownFileType = text.plist.xml; path = "mobileloc-Info.plist"; sourceTree = "<group>"; };
		36E195F818A5156800190E84 /* en */ = {isa = PBXFileReference; lastKnownFileType = text.plist.strings; name = en; path = en.lproj/InfoPlist.strings; sourceTree = "<group>"; };
		36E195FA18A5156800190E84 /* main.m */ = {isa = PBXFileReference; lastKnownFileType = sourcecode.c.objc; path = main.m; sourceTree = "<group>"; };
		36E195FC18A5156800190E84 /* mobileloc-Prefix.pch */ = {isa = PBXFileReference; lastKnownFileType = sourcecode.c.h; path = "mobileloc-Prefix.pch"; sourceTree = "<group>"; };
		36E195FD18A5156800190E84 /* AppDelegate.h */ = {isa = PBXFileReference; lastKnownFileType = sourcecode.c.h; path = AppDelegate.h; sourceTree = "<group>"; };
		36E195FE18A5156800190E84 /* AppDelegate.m */ = {isa = PBXFileReference; lastKnownFileType = sourcecode.c.objc; path = AppDelegate.m; sourceTree = "<group>"; };
		36E1960118A5156800190E84 /* Base */ = {isa = PBXFileReference; lastKnownFileType = file.storyboard; name = Base; path = Base.lproj/Main.storyboard; sourceTree = "<group>"; };
		36E1960418A5156800190E84 /* mobileloc.xcdatamodel */ = {isa = PBXFileReference; lastKnownFileType = wrapper.xcdatamodel; path = mobileloc.xcdatamodel; sourceTree = "<group>"; };
		36E1960618A5156800190E84 /* MainViewController.h */ = {isa = PBXFileReference; lastKnownFileType = sourcecode.c.h; path = MainViewController.h; sourceTree = "<group>"; };
		36E1960C18A5156800190E84 /* Images.xcassets */ = {isa = PBXFileReference; lastKnownFileType = folder.assetcatalog; path = Images.xcassets; sourceTree = "<group>"; };
		36E1961218A5156800190E84 /* mobilelocTests.xctest */ = {isa = PBXFileReference; explicitFileType = wrapper.cfbundle; includeInIndex = 0; path = mobilelocTests.xctest; sourceTree = BUILT_PRODUCTS_DIR; };
		36E1961318A5156800190E84 /* XCTest.framework */ = {isa = PBXFileReference; lastKnownFileType = wrapper.framework; name = XCTest.framework; path = Library/Frameworks/XCTest.framework; sourceTree = DEVELOPER_DIR; };
		36E1961C18A5156900190E84 /* mobilelocTests-Info.plist */ = {isa = PBXFileReference; lastKnownFileType = text.plist.xml; path = "mobilelocTests-Info.plist"; sourceTree = "<group>"; };
		36E1961E18A5156900190E84 /* en */ = {isa = PBXFileReference; lastKnownFileType = text.plist.strings; name = en; path = en.lproj/InfoPlist.strings; sourceTree = "<group>"; };
		36E1962018A5156900190E84 /* mobilelocTests.m */ = {isa = PBXFileReference; lastKnownFileType = sourcecode.c.objc; path = mobilelocTests.m; sourceTree = "<group>"; };
		36F4763718A53B6F007B9C1E /* CoreLocation.framework */ = {isa = PBXFileReference; lastKnownFileType = wrapper.framework; name = CoreLocation.framework; path = System/Library/Frameworks/CoreLocation.framework; sourceTree = SDKROOT; };
		36F4763918A5481B007B9C1E /* LocationManager.h */ = {isa = PBXFileReference; fileEncoding = 4; lastKnownFileType = sourcecode.c.h; name = LocationManager.h; path = "Location Management/LocationManager.h"; sourceTree = "<group>"; };
		36F4763A18A5481B007B9C1E /* LocationManager.m */ = {isa = PBXFileReference; fileEncoding = 4; lastKnownFileType = sourcecode.c.objc; name = LocationManager.m; path = "Location Management/LocationManager.m"; sourceTree = "<group>"; };
		36FBBF5118A5259500462208 /* SettingsViewController.h */ = {isa = PBXFileReference; fileEncoding = 4; lastKnownFileType = sourcecode.c.h; path = SettingsViewController.h; sourceTree = "<group>"; };
		36FBBF5218A5259500462208 /* SettingsViewController.m */ = {isa = PBXFileReference; fileEncoding = 4; lastKnownFileType = sourcecode.c.objc; path = SettingsViewController.m; sourceTree = "<group>"; };
		36FBBF5418A525BD00462208 /* MainViewController.m */ = {isa = PBXFileReference; fileEncoding = 4; lastKnownFileType = sourcecode.c.objc; path = MainViewController.m; sourceTree = "<group>"; };
		36FBBF5718A5278400462208 /* DataManager.h */ = {isa = PBXFileReference; fileEncoding = 4; lastKnownFileType = sourcecode.c.h; name = DataManager.h; path = "Data Management/DataManager.h"; sourceTree = "<group>"; };
		36FBBF5818A5278400462208 /* DataManager.m */ = {isa = PBXFileReference; fileEncoding = 4; lastKnownFileType = sourcecode.c.objc; name = DataManager.m; path = "Data Management/DataManager.m"; sourceTree = "<group>"; };
		36FBBF5D18A5299300462208 /* PlaceFetcher.h */ = {isa = PBXFileReference; fileEncoding = 4; lastKnownFileType = sourcecode.c.h; name = PlaceFetcher.h; path = "Data Management/PlaceFetcher.h"; sourceTree = "<group>"; };
		36FBBF5E18A5299300462208 /* PlaceFetcher.m */ = {isa = PBXFileReference; fileEncoding = 4; lastKnownFileType = sourcecode.c.objc; name = PlaceFetcher.m; path = "Data Management/PlaceFetcher.m"; sourceTree = "<group>"; };
		36FBBF6018A52AB600462208 /* GooglePlaces.h */ = {isa = PBXFileReference; fileEncoding = 4; lastKnownFileType = sourcecode.c.h; name = GooglePlaces.h; path = "Data Management/Places Third Parties/GooglePlaces.h"; sourceTree = "<group>"; };
		36FBBF6118A52AB600462208 /* GooglePlaces.m */ = {isa = PBXFileReference; fileEncoding = 4; lastKnownFileType = sourcecode.c.objc; name = GooglePlaces.m; path = "Data Management/Places Third Parties/GooglePlaces.m"; sourceTree = "<group>"; };
		CB0C1BA8AB9C411D9EDF744A /* Pods.xcconfig */ = {isa = PBXFileReference; includeInIndex = 1; lastKnownFileType = text.xcconfig; name = Pods.xcconfig; path = Pods/Pods.xcconfig; sourceTree = "<group>"; };
/* End PBXFileReference section */

/* Begin PBXFrameworksBuildPhase section */
		36E195E618A5156800190E84 /* Frameworks */ = {
			isa = PBXFrameworksBuildPhase;
			buildActionMask = 2147483647;
			files = (
				36F4763818A53B6F007B9C1E /* CoreLocation.framework in Frameworks */,
				36E195EF18A5156800190E84 /* CoreGraphics.framework in Frameworks */,
				36E195F318A5156800190E84 /* CoreData.framework in Frameworks */,
				36E195F118A5156800190E84 /* UIKit.framework in Frameworks */,
				36E195ED18A5156800190E84 /* Foundation.framework in Frameworks */,
				E219F79FF7F94B40AF474AE7 /* libPods.a in Frameworks */,
			);
			runOnlyForDeploymentPostprocessing = 0;
		};
		36E1960F18A5156800190E84 /* Frameworks */ = {
			isa = PBXFrameworksBuildPhase;
			buildActionMask = 2147483647;
			files = (
				36E1961418A5156800190E84 /* XCTest.framework in Frameworks */,
				36E1961718A5156800190E84 /* CoreData.framework in Frameworks */,
				36E1961618A5156800190E84 /* UIKit.framework in Frameworks */,
				36E1961518A5156800190E84 /* Foundation.framework in Frameworks */,
			);
			runOnlyForDeploymentPostprocessing = 0;
		};
/* End PBXFrameworksBuildPhase section */

/* Begin PBXGroup section */
		369981DE18A565E400069F6D /* Core Data */ = {
			isa = PBXGroup;
			children = (
				369981E818A5B2EB00069F6D /* Place.h */,
				369981E918A5B2EB00069F6D /* Place.m */,
				369981E518A5B2EA00069F6D /* Icon.h */,
				369981E618A5B2EA00069F6D /* Icon.m */,
			);
			name = "Core Data";
			sourceTree = "<group>";
		};
		369981EE18A6157400069F6D /* Table Cells */ = {
			isa = PBXGroup;
			children = (
				369981EB18A6157000069F6D /* PlaceCell.h */,
				369981EC18A6157000069F6D /* PlaceCell.m */,
			);
			name = "Table Cells";
			sourceTree = "<group>";
		};
		36E195E018A5156800190E84 = {
			isa = PBXGroup;
			children = (
				36E195F418A5156800190E84 /* mobileloc */,
				36E1961A18A5156900190E84 /* mobilelocTests */,
				36E195EB18A5156800190E84 /* Frameworks */,
				36E195EA18A5156800190E84 /* Products */,
				CB0C1BA8AB9C411D9EDF744A /* Pods.xcconfig */,
			);
			sourceTree = "<group>";
		};
		36E195EA18A5156800190E84 /* Products */ = {
			isa = PBXGroup;
			children = (
				36E195E918A5156800190E84 /* mobileloc.app */,
				36E1961218A5156800190E84 /* mobilelocTests.xctest */,
			);
			name = Products;
			sourceTree = "<group>";
		};
		36E195EB18A5156800190E84 /* Frameworks */ = {
			isa = PBXGroup;
			children = (
				36F4763718A53B6F007B9C1E /* CoreLocation.framework */,
				36E195EC18A5156800190E84 /* Foundation.framework */,
				36E195EE18A5156800190E84 /* CoreGraphics.framework */,
				36E195F018A5156800190E84 /* UIKit.framework */,
				36E195F218A5156800190E84 /* CoreData.framework */,
				36E1961318A5156800190E84 /* XCTest.framework */,
				03B74C7E999846DA8F71F6C9 /* libPods.a */,
			);
			name = Frameworks;
			sourceTree = "<group>";
		};
		36E195F418A5156800190E84 /* mobileloc */ = {
			isa = PBXGroup;
			children = (
				36E195FD18A5156800190E84 /* AppDelegate.h */,
				36E195FE18A5156800190E84 /* AppDelegate.m */,
				36E1960018A5156800190E84 /* Main.storyboard */,
				36F4763618A53128007B9C1E /* Main Views */,
				369981EE18A6157400069F6D /* Table Cells */,
				36F4763C18A5481F007B9C1E /* Location Management */,
				36FBBF5618A526C600462208 /* Data Management */,
				36E1960C18A5156800190E84 /* Images.xcassets */,
				36E1960318A5156800190E84 /* mobileloc.xcdatamodeld */,
				36E195F518A5156800190E84 /* Supporting Files */,
			);
			path = mobileloc;
			sourceTree = "<group>";
		};
		36E195F518A5156800190E84 /* Supporting Files */ = {
			isa = PBXGroup;
			children = (
				36E195F618A5156800190E84 /* mobileloc-Info.plist */,
				36E195F718A5156800190E84 /* InfoPlist.strings */,
				36E195FA18A5156800190E84 /* main.m */,
				36E195FC18A5156800190E84 /* mobileloc-Prefix.pch */,
			);
			name = "Supporting Files";
			sourceTree = "<group>";
		};
		36E1961A18A5156900190E84 /* mobilelocTests */ = {
			isa = PBXGroup;
			children = (
				36E1962018A5156900190E84 /* mobilelocTests.m */,
				36E1961B18A5156900190E84 /* Supporting Files */,
			);
			path = mobilelocTests;
			sourceTree = "<group>";
		};
		36E1961B18A5156900190E84 /* Supporting Files */ = {
			isa = PBXGroup;
			children = (
				36E1961C18A5156900190E84 /* mobilelocTests-Info.plist */,
				36E1961D18A5156900190E84 /* InfoPlist.strings */,
			);
			name = "Supporting Files";
			sourceTree = "<group>";
		};
		36F4763618A53128007B9C1E /* Main Views */ = {
			isa = PBXGroup;
			children = (
				36E1960618A5156800190E84 /* MainViewController.h */,
				36FBBF5418A525BD00462208 /* MainViewController.m */,
				36FBBF5118A5259500462208 /* SettingsViewController.h */,
				36FBBF5218A5259500462208 /* SettingsViewController.m */,
			);
			name = "Main Views";
			sourceTree = "<group>";
		};
		36F4763C18A5481F007B9C1E /* Location Management */ = {
			isa = PBXGroup;
			children = (
				36F4763918A5481B007B9C1E /* LocationManager.h */,
				36F4763A18A5481B007B9C1E /* LocationManager.m */,
			);
			name = "Location Management";
			sourceTree = "<group>";
		};
		36FBBF5618A526C600462208 /* Data Management */ = {
			isa = PBXGroup;
			children = (
				36FBBF5718A5278400462208 /* DataManager.h */,
				36FBBF5818A5278400462208 /* DataManager.m */,
				369981D518A5556700069F6D /* DataStorage.h */,
				369981D618A5556700069F6D /* DataStorage.m */,
				36FBBF5D18A5299300462208 /* PlaceFetcher.h */,
				36FBBF5E18A5299300462208 /* PlaceFetcher.m */,
				369981DE18A565E400069F6D /* Core Data */,
				36FBBF6318A52ABA00462208 /* Places Third Parties */,
			);
			name = "Data Management";
			sourceTree = "<group>";
		};
		36FBBF6318A52ABA00462208 /* Places Third Parties */ = {
			isa = PBXGroup;
			children = (
				36FBBF6018A52AB600462208 /* GooglePlaces.h */,
				36FBBF6118A52AB600462208 /* GooglePlaces.m */,
			);
			name = "Places Third Parties";
			sourceTree = "<group>";
		};
/* End PBXGroup section */

/* Begin PBXNativeTarget section */
		36E195E818A5156800190E84 /* mobileloc */ = {
			isa = PBXNativeTarget;
			buildConfigurationList = 36E1962418A5156900190E84 /* Build configuration list for PBXNativeTarget "mobileloc" */;
			buildPhases = (
				46AF2C52B1314FCCA3583740 /* Check Pods Manifest.lock */,
				36E195E518A5156800190E84 /* Sources */,
				36E195E618A5156800190E84 /* Frameworks */,
				36E195E718A5156800190E84 /* Resources */,
				EF0F7814FC8F49349D57F3EB /* Copy Pods Resources */,
			);
			buildRules = (
			);
			dependencies = (
			);
			name = mobileloc;
			productName = mobileloc;
			productReference = 36E195E918A5156800190E84 /* mobileloc.app */;
			productType = "com.apple.product-type.application";
		};
		36E1961118A5156800190E84 /* mobilelocTests */ = {
			isa = PBXNativeTarget;
			buildConfigurationList = 36E1962718A5156900190E84 /* Build configuration list for PBXNativeTarget "mobilelocTests" */;
			buildPhases = (
				36E1960E18A5156800190E84 /* Sources */,
				36E1960F18A5156800190E84 /* Frameworks */,
				36E1961018A5156800190E84 /* Resources */,
			);
			buildRules = (
			);
			dependencies = (
				36E1961918A5156900190E84 /* PBXTargetDependency */,
			);
			name = mobilelocTests;
			productName = mobilelocTests;
			productReference = 36E1961218A5156800190E84 /* mobilelocTests.xctest */;
			productType = "com.apple.product-type.bundle.unit-test";
		};
/* End PBXNativeTarget section */

/* Begin PBXProject section */
		36E195E118A5156800190E84 /* Project object */ = {
			isa = PBXProject;
			attributes = {
				LastUpgradeCheck = 0500;
				ORGANIZATIONNAME = GeoffroyLesage;
				TargetAttributes = {
					36E195E818A5156800190E84 = {
						DevelopmentTeam = 2PSRTJAVRK;
					};
					36E1961118A5156800190E84 = {
						TestTargetID = 36E195E818A5156800190E84;
					};
				};
			};
			buildConfigurationList = 36E195E418A5156800190E84 /* Build configuration list for PBXProject "mobileloc" */;
			compatibilityVersion = "Xcode 3.2";
			developmentRegion = English;
			hasScannedForEncodings = 0;
			knownRegions = (
				en,
				Base,
			);
			mainGroup = 36E195E018A5156800190E84;
			productRefGroup = 36E195EA18A5156800190E84 /* Products */;
			projectDirPath = "";
			projectRoot = "";
			targets = (
				36E195E818A5156800190E84 /* mobileloc */,
				36E1961118A5156800190E84 /* mobilelocTests */,
			);
		};
/* End PBXProject section */

/* Begin PBXResourcesBuildPhase section */
		36E195E718A5156800190E84 /* Resources */ = {
			isa = PBXResourcesBuildPhase;
			buildActionMask = 2147483647;
			files = (
				36E1960D18A5156800190E84 /* Images.xcassets in Resources */,
				36E195F918A5156800190E84 /* InfoPlist.strings in Resources */,
				36E1960218A5156800190E84 /* Main.storyboard in Resources */,
			);
			runOnlyForDeploymentPostprocessing = 0;
		};
		36E1961018A5156800190E84 /* Resources */ = {
			isa = PBXResourcesBuildPhase;
			buildActionMask = 2147483647;
			files = (
				36E1961F18A5156900190E84 /* InfoPlist.strings in Resources */,
			);
			runOnlyForDeploymentPostprocessing = 0;
		};
/* End PBXResourcesBuildPhase section */

/* Begin PBXShellScriptBuildPhase section */
		46AF2C52B1314FCCA3583740 /* Check Pods Manifest.lock */ = {
			isa = PBXShellScriptBuildPhase;
			buildActionMask = 2147483647;
			files = (
			);
			inputPaths = (
			);
			name = "Check Pods Manifest.lock";
			outputPaths = (
			);
			runOnlyForDeploymentPostprocessing = 0;
			shellPath = /bin/sh;
			shellScript = "diff \"${PODS_ROOT}/../Podfile.lock\" \"${PODS_ROOT}/Manifest.lock\" > /dev/null\nif [[ $? != 0 ]] ; then\n    cat << EOM\nerror: The sandbox is not in sync with the Podfile.lock. Run 'pod install' or update your CocoaPods installation.\nEOM\n    exit 1\nfi\n";
			showEnvVarsInLog = 0;
		};
		EF0F7814FC8F49349D57F3EB /* Copy Pods Resources */ = {
			isa = PBXShellScriptBuildPhase;
			buildActionMask = 2147483647;
			files = (
			);
			inputPaths = (
			);
			name = "Copy Pods Resources";
			outputPaths = (
			);
			runOnlyForDeploymentPostprocessing = 0;
			shellPath = /bin/sh;
			shellScript = "\"${SRCROOT}/Pods/Pods-resources.sh\"\n";
			showEnvVarsInLog = 0;
		};
/* End PBXShellScriptBuildPhase section */

/* Begin PBXSourcesBuildPhase section */
		36E195E518A5156800190E84 /* Sources */ = {
			isa = PBXSourcesBuildPhase;
			buildActionMask = 2147483647;
			files = (
				36E1960518A5156800190E84 /* mobileloc.xcdatamodeld in Sources */,
				369981D718A5556700069F6D /* DataStorage.m in Sources */,
				36FBBF5918A5278400462208 /* DataManager.m in Sources */,
				369981EA18A5B2EB00069F6D /* Place.m in Sources */,
				36E195FF18A5156800190E84 /* AppDelegate.m in Sources */,
				369981ED18A6157000069F6D /* PlaceCell.m in Sources */,
				36F4763B18A5481B007B9C1E /* LocationManager.m in Sources */,
				36E195FB18A5156800190E84 /* main.m in Sources */,
				36FBBF5F18A5299300462208 /* PlaceFetcher.m in Sources */,
				369981E718A5B2EA00069F6D /* Icon.m in Sources */,
				36FBBF5518A525BD00462208 /* MainViewController.m in Sources */,
				36FBBF6218A52AB600462208 /* GooglePlaces.m in Sources */,
				36FBBF5318A5259500462208 /* SettingsViewController.m in Sources */,
			);
			runOnlyForDeploymentPostprocessing = 0;
		};
		36E1960E18A5156800190E84 /* Sources */ = {
			isa = PBXSourcesBuildPhase;
			buildActionMask = 2147483647;
			files = (
				36E1962118A5156900190E84 /* mobilelocTests.m in Sources */,
			);
			runOnlyForDeploymentPostprocessing = 0;
		};
/* End PBXSourcesBuildPhase section */

/* Begin PBXTargetDependency section */
		36E1961918A5156900190E84 /* PBXTargetDependency */ = {
			isa = PBXTargetDependency;
			target = 36E195E818A5156800190E84 /* mobileloc */;
			targetProxy = 36E1961818A5156900190E84 /* PBXContainerItemProxy */;
		};
/* End PBXTargetDependency section */

/* Begin PBXVariantGroup section */
		36E195F718A5156800190E84 /* InfoPlist.strings */ = {
			isa = PBXVariantGroup;
			children = (
				36E195F818A5156800190E84 /* en */,
			);
			name = InfoPlist.strings;
			sourceTree = "<group>";
		};
		36E1960018A5156800190E84 /* Main.storyboard */ = {
			isa = PBXVariantGroup;
			children = (
				36E1960118A5156800190E84 /* Base */,
			);
			name = Main.storyboard;
			sourceTree = "<group>";
		};
		36E1961D18A5156900190E84 /* InfoPlist.strings */ = {
			isa = PBXVariantGroup;
			children = (
				36E1961E18A5156900190E84 /* en */,
			);
			name = InfoPlist.strings;
			sourceTree = "<group>";
		};
/* End PBXVariantGroup section */

/* Begin XCBuildConfiguration section */
		36E1962218A5156900190E84 /* Debug */ = {
			isa = XCBuildConfiguration;
			buildSettings = {
				ALWAYS_SEARCH_USER_PATHS = NO;
				ARCHS = "$(ARCHS_STANDARD_INCLUDING_64_BIT)";
				CLANG_CXX_LANGUAGE_STANDARD = "gnu++0x";
				CLANG_CXX_LIBRARY = "libc++";
				CLANG_ENABLE_MODULES = YES;
				CLANG_ENABLE_OBJC_ARC = YES;
				CLANG_WARN_BOOL_CONVERSION = YES;
				CLANG_WARN_CONSTANT_CONVERSION = YES;
				CLANG_WARN_DIRECT_OBJC_ISA_USAGE = YES_ERROR;
				CLANG_WARN_EMPTY_BODY = YES;
				CLANG_WARN_ENUM_CONVERSION = YES;
				CLANG_WARN_INT_CONVERSION = YES;
				CLANG_WARN_OBJC_ROOT_CLASS = YES_ERROR;
				CLANG_WARN__DUPLICATE_METHOD_MATCH = YES;
				CODE_SIGN_IDENTITY = "";
				"CODE_SIGN_IDENTITY[sdk=iphoneos*]" = "iPhone Developer: Geoffroy Lesage (26564QL7W2)";
				COPY_PHASE_STRIP = NO;
				GCC_C_LANGUAGE_STANDARD = gnu99;
				GCC_DYNAMIC_NO_PIC = NO;
				GCC_OPTIMIZATION_LEVEL = 0;
				GCC_PREPROCESSOR_DEFINITIONS = (
					"DEBUG=1",
					"$(inherited)",
				);
				GCC_SYMBOLS_PRIVATE_EXTERN = NO;
				GCC_WARN_64_TO_32_BIT_CONVERSION = YES;
				GCC_WARN_ABOUT_RETURN_TYPE = YES_ERROR;
				GCC_WARN_UNDECLARED_SELECTOR = YES;
				GCC_WARN_UNINITIALIZED_AUTOS = YES;
				GCC_WARN_UNUSED_FUNCTION = YES;
				GCC_WARN_UNUSED_VARIABLE = YES;
				IPHONEOS_DEPLOYMENT_TARGET = 7.0;
				ONLY_ACTIVE_ARCH = YES;
				PROVISIONING_PROFILE = "0B7FCF39-E4B3-4B1D-BD36-3D9977A9B24F";
				SDKROOT = iphoneos;
			};
			name = Debug;
		};
		36E1962318A5156900190E84 /* Release */ = {
			isa = XCBuildConfiguration;
			buildSettings = {
				ALWAYS_SEARCH_USER_PATHS = NO;
				ARCHS = "$(ARCHS_STANDARD_INCLUDING_64_BIT)";
				CLANG_CXX_LANGUAGE_STANDARD = "gnu++0x";
				CLANG_CXX_LIBRARY = "libc++";
				CLANG_ENABLE_MODULES = YES;
				CLANG_ENABLE_OBJC_ARC = YES;
				CLANG_WARN_BOOL_CONVERSION = YES;
				CLANG_WARN_CONSTANT_CONVERSION = YES;
				CLANG_WARN_DIRECT_OBJC_ISA_USAGE = YES_ERROR;
				CLANG_WARN_EMPTY_BODY = YES;
				CLANG_WARN_ENUM_CONVERSION = YES;
				CLANG_WARN_INT_CONVERSION = YES;
				CLANG_WARN_OBJC_ROOT_CLASS = YES_ERROR;
				CLANG_WARN__DUPLICATE_METHOD_MATCH = YES;
				CODE_SIGN_IDENTITY = "";
				"CODE_SIGN_IDENTITY[sdk=iphoneos*]" = "iPhone Developer: Geoffroy Lesage (26564QL7W2)";
				COPY_PHASE_STRIP = YES;
				ENABLE_NS_ASSERTIONS = NO;
				GCC_C_LANGUAGE_STANDARD = gnu99;
				GCC_WARN_64_TO_32_BIT_CONVERSION = YES;
				GCC_WARN_ABOUT_RETURN_TYPE = YES_ERROR;
				GCC_WARN_UNDECLARED_SELECTOR = YES;
				GCC_WARN_UNINITIALIZED_AUTOS = YES;
				GCC_WARN_UNUSED_FUNCTION = YES;
				GCC_WARN_UNUSED_VARIABLE = YES;
				IPHONEOS_DEPLOYMENT_TARGET = 7.0;
				PROVISIONING_PROFILE = "0B7FCF39-E4B3-4B1D-BD36-3D9977A9B24F";
				SDKROOT = iphoneos;
				VALIDATE_PRODUCT = YES;
			};
			name = Release;
		};
		36E1962518A5156900190E84 /* Debug */ = {
			isa = XCBuildConfiguration;
			baseConfigurationReference = CB0C1BA8AB9C411D9EDF744A /* Pods.xcconfig */;
			buildSettings = {
				ASSETCATALOG_COMPILER_APPICON_NAME = AppIcon;
				ASSETCATALOG_COMPILER_LAUNCHIMAGE_NAME = LaunchImage;
				CODE_SIGN_IDENTITY = "iPhone Developer: Geoffroy Lesage (26564QL7W2)";
				GCC_PRECOMPILE_PREFIX_HEADER = YES;
				GCC_PREFIX_HEADER = "mobileloc/mobileloc-Prefix.pch";
				INFOPLIST_FILE = "mobileloc/mobileloc-Info.plist";
				PRODUCT_NAME = "$(TARGET_NAME)";
				WRAPPER_EXTENSION = app;
			};
			name = Debug;
		};
		36E1962618A5156900190E84 /* Release */ = {
			isa = XCBuildConfiguration;
			baseConfigurationReference = CB0C1BA8AB9C411D9EDF744A /* Pods.xcconfig */;
			buildSettings = {
				ASSETCATALOG_COMPILER_APPICON_NAME = AppIcon;
				ASSETCATALOG_COMPILER_LAUNCHIMAGE_NAME = LaunchImage;
				CODE_SIGN_IDENTITY = "iPhone Developer: Geoffroy Lesage (26564QL7W2)";
				GCC_PRECOMPILE_PREFIX_HEADER = YES;
				GCC_PREFIX_HEADER = "mobileloc/mobileloc-Prefix.pch";
				INFOPLIST_FILE = "mobileloc/mobileloc-Info.plist";
				PRODUCT_NAME = "$(TARGET_NAME)";
				WRAPPER_EXTENSION = app;
			};
			name = Release;
		};
		36E1962818A5156900190E84 /* Debug */ = {
			isa = XCBuildConfiguration;
			buildSettings = {
				ARCHS = "$(ARCHS_STANDARD_INCLUDING_64_BIT)";
				BUNDLE_LOADER = "$(BUILT_PRODUCTS_DIR)/mobileloc.app/mobileloc";
				FRAMEWORK_SEARCH_PATHS = (
					"$(SDKROOT)/Developer/Library/Frameworks",
					"$(inherited)",
					"$(DEVELOPER_FRAMEWORKS_DIR)",
				);
				GCC_PRECOMPILE_PREFIX_HEADER = YES;
				GCC_PREFIX_HEADER = "mobileloc/mobileloc-Prefix.pch";
				GCC_PREPROCESSOR_DEFINITIONS = (
					"DEBUG=1",
					"$(inherited)",
				);
				INFOPLIST_FILE = "mobilelocTests/mobilelocTests-Info.plist";
				PRODUCT_NAME = "$(TARGET_NAME)";
				TEST_HOST = "$(BUNDLE_LOADER)";
				WRAPPER_EXTENSION = xctest;
			};
			name = Debug;
		};
		36E1962918A5156900190E84 /* Release */ = {
			isa = XCBuildConfiguration;
			buildSettings = {
				ARCHS = "$(ARCHS_STANDARD_INCLUDING_64_BIT)";
				BUNDLE_LOADER = "$(BUILT_PRODUCTS_DIR)/mobileloc.app/mobileloc";
				FRAMEWORK_SEARCH_PATHS = (
					"$(SDKROOT)/Developer/Library/Frameworks",
					"$(inherited)",
					"$(DEVELOPER_FRAMEWORKS_DIR)",
				);
				GCC_PRECOMPILE_PREFIX_HEADER = YES;
				GCC_PREFIX_HEADER = "mobileloc/mobileloc-Prefix.pch";
				INFOPLIST_FILE = "mobilelocTests/mobilelocTests-Info.plist";
				PRODUCT_NAME = "$(TARGET_NAME)";
				TEST_HOST = "$(BUNDLE_LOADER)";
				WRAPPER_EXTENSION = xctest;
			};
			name = Release;
		};
/* End XCBuildConfiguration section */

/* Begin XCConfigurationList section */
		36E195E418A5156800190E84 /* Build configuration list for PBXProject "mobileloc" */ = {
			isa = XCConfigurationList;
			buildConfigurations = (
				36E1962218A5156900190E84 /* Debug */,
				36E1962318A5156900190E84 /* Release */,
			);
			defaultConfigurationIsVisible = 0;
			defaultConfigurationName = Release;
		};
		36E1962418A5156900190E84 /* Build configuration list for PBXNativeTarget "mobileloc" */ = {
			isa = XCConfigurationList;
			buildConfigurations = (
				36E1962518A5156900190E84 /* Debug */,
				36E1962618A5156900190E84 /* Release */,
			);
			defaultConfigurationIsVisible = 0;
			defaultConfigurationName = Release;
		};
		36E1962718A5156900190E84 /* Build configuration list for PBXNativeTarget "mobilelocTests" */ = {
			isa = XCConfigurationList;
			buildConfigurations = (
				36E1962818A5156900190E84 /* Debug */,
				36E1962918A5156900190E84 /* Release */,
			);
			defaultConfigurationIsVisible = 0;
			defaultConfigurationName = Release;
		};
/* End XCConfigurationList section */

/* Begin XCVersionGroup section */
		36E1960318A5156800190E84 /* mobileloc.xcdatamodeld */ = {
			isa = XCVersionGroup;
			children = (
				36E1960418A5156800190E84 /* mobileloc.xcdatamodel */,
			);
			currentVersion = 36E1960418A5156800190E84 /* mobileloc.xcdatamodel */;
			path = mobileloc.xcdatamodeld;
			sourceTree = "<group>";
			versionGroupType = wrapper.xcdatamodel;
		};
/* End XCVersionGroup section */
	};
	rootObject = 36E195E118A5156800190E84 /* Project object */;
}
